
Microsoft Visual Studio Solution File, Format Version 12.00
# Visual Studio Version 17
VisualStudioVersion = 17.14.36121.58 d17.14
MinimumVisualStudioVersion = 10.0.40219.1
Project("{FAE04EC0-301F-11D3-BF4B-00C04F79EFBC}") = "BaseDatos", "BaseDatos.csproj", "{81FCF378-E23A-46EC-A736-0EDCED6E3A25}"
EndProject
Global
	GlobalSection(SolutionConfigurationPlatforms) = preSolution
		Debug|Any CPU = Debug|Any CPU
		Release|Any CPU = Release|Any CPU
	EndGlobalSection
	GlobalSection(ProjectConfigurationPlatforms) = postSolution
		{81FCF378-E23A-46EC-A736-0EDCED6E3A25}.Debug|Any CPU.ActiveCfg = Debug|Any CPU
		{81FCF378-E23A-46EC-A736-0EDCED6E3A25}.Debug|Any CPU.Build.0 = Debug|Any CPU
		{81FCF378-E23A-46EC-A736-0EDCED6E3A25}.Release|Any CPU.ActiveCfg = Release|Any CPU
		{81FCF378-E23A-46EC-A736-0EDCED6E3A25}.Release|Any CPU.Build.0 = Release|Any CPU
	EndGlobalSection
	GlobalSection(SolutionProperties) = preSolution
		HideSolutionNode = FALSE
	EndGlobalSection
	GlobalSection(ExtensibilityGlobals) = postSolution
		SolutionGuid = {BF606E7B-58D3-4155-BAA6-51DE618BF74C}
	EndGlobalSection
EndGlobal
